
Microsoft Visual Studio Solution File, Format Version 12.00
# Visual Studio 15
VisualStudioVersion = 15.0.27004.2010
MinimumVisualStudioVersion = 10.0.40219.1
Project("{8BC9CEB8-8B4A-11D0-8D11-00A0C91BC942}") = "Kodowanie-projekt", "Kodowanie-projekt\Kodowanie-projekt.vcxproj", "{1D80635B-FAA2-42B7-B3B0-3C2534FDF9FC}"
EndProject
Global
	GlobalSection(SolutionConfigurationPlatforms) = preSolution
		Debug|x64 = Debug|x64
		Debug|x86 = Debug|x86
		decrypt|x64 = decrypt|x64
		decrypt|x86 = decrypt|x86
		encrypt|x64 = encrypt|x64
		encrypt|x86 = encrypt|x86
		Release|x64 = Release|x64
		Release|x86 = Release|x86
	EndGlobalSection
	GlobalSection(ProjectConfigurationPlatforms) = postSolution
		{1D80635B-FAA2-42B7-B3B0-3C2534FDF9FC}.Debug|x64.ActiveCfg = Debug|x64
		{1D80635B-FAA2-42B7-B3B0-3C2534FDF9FC}.Debug|x64.Build.0 = Debug|x64
		{1D80635B-FAA2-42B7-B3B0-3C2534FDF9FC}.Debug|x86.ActiveCfg = Debug|Win32
		{1D80635B-FAA2-42B7-B3B0-3C2534FDF9FC}.Debug|x86.Build.0 = Debug|Win32
		{1D80635B-FAA2-42B7-B3B0-3C2534FDF9FC}.decrypt|x64.ActiveCfg = decrypt|x64
		{1D80635B-FAA2-42B7-B3B0-3C2534FDF9FC}.decrypt|x64.Build.0 = decrypt|x64
		{1D80635B-FAA2-42B7-B3B0-3C2534FDF9FC}.decrypt|x86.ActiveCfg = decrypt|Win32
		{1D80635B-FAA2-42B7-B3B0-3C2534FDF9FC}.decrypt|x86.Build.0 = decrypt|Win32
		{1D80635B-FAA2-42B7-B3B0-3C2534FDF9FC}.encrypt|x64.ActiveCfg = encrypt|x64
		{1D80635B-FAA2-42B7-B3B0-3C2534FDF9FC}.encrypt|x64.Build.0 = encrypt|x64
		{1D80635B-FAA2-42B7-B3B0-3C2534FDF9FC}.encrypt|x86.ActiveCfg = encrypt|Win32
		{1D80635B-FAA2-42B7-B3B0-3C2534FDF9FC}.encrypt|x86.Build.0 = encrypt|Win32
		{1D80635B-FAA2-42B7-B3B0-3C2534FDF9FC}.Release|x64.ActiveCfg = Release|x64
		{1D80635B-FAA2-42B7-B3B0-3C2534FDF9FC}.Release|x64.Build.0 = Release|x64
		{1D80635B-FAA2-42B7-B3B0-3C2534FDF9FC}.Release|x86.ActiveCfg = Release|Win32
		{1D80635B-FAA2-42B7-B3B0-3C2534FDF9FC}.Release|x86.Build.0 = Release|Win32
	EndGlobalSection
	GlobalSection(SolutionProperties) = preSolution
		HideSolutionNode = FALSE
	EndGlobalSection
	GlobalSection(ExtensibilityGlobals) = postSolution
		SolutionGuid = {DECD48CF-84D9-4DC0-A059-79985C71DB70}
	EndGlobalSection
EndGlobal
